
Microsoft Visual Studio Solution File, Format Version 12.00
# Visual Studio Version 17
VisualStudioVersion = 17.8.34309.116
MinimumVisualStudioVersion = 10.0.40219.1
Project("{FAE04EC0-301F-11D3-BF4B-00C04F79EFBC}") = "AdventOfCode2023.App", "AdventOfCode2023.App\AdventOfCode2023.App.csproj", "{9B78FD51-3416-4507-AB39-1B01449E9BE0}"
EndProject
Global
	GlobalSection(SolutionConfigurationPlatforms) = preSolution
		Debug|Any CPU = Debug|Any CPU
		Release|Any CPU = Release|Any CPU
	EndGlobalSection
	GlobalSection(ProjectConfigurationPlatforms) = postSolution
		{9B78FD51-3416-4507-AB39-1B01449E9BE0}.Debug|Any CPU.ActiveCfg = Debug|Any CPU
		{9B78FD51-3416-4507-AB39-1B01449E9BE0}.Debug|Any CPU.Build.0 = Debug|Any CPU
		{9B78FD51-3416-4507-AB39-1B01449E9BE0}.Release|Any CPU.ActiveCfg = Release|Any CPU
		{9B78FD51-3416-4507-AB39-1B01449E9BE0}.Release|Any CPU.Build.0 = Release|Any CPU
	EndGlobalSection
	GlobalSection(SolutionProperties) = preSolution
		HideSolutionNode = FALSE
	EndGlobalSection
	GlobalSection(ExtensibilityGlobals) = postSolution
		SolutionGuid = {54614A84-57F7-4074-87EA-4E7DF0A46FF9}
	EndGlobalSection
EndGlobal
